// !$*UTF8*$!
{
	archiveVersion = 1;
	classes = {
	};
	objectVersion = 56;
	objects = {

/* Begin PBXBuildFile section */
		042B632D2C29130400B3B190 /* LoginViewControllerTests.swift in Sources */ = {isa = PBXBuildFile; fileRef = 042B632B2C29130400B3B190 /* LoginViewControllerTests.swift */; };
		042B632E2C29130400B3B190 /* InspectionViewControllerTests.swift in Sources */ = {isa = PBXBuildFile; fileRef = 042B632C2C29130400B3B190 /* InspectionViewControllerTests.swift */; };
		BCD099082C1D52AE000B5B6D /* AppDelegate.swift in Sources */ = {isa = PBXBuildFile; fileRef = BCD099072C1D52AE000B5B6D /* AppDelegate.swift */; };
		BCD0990A2C1D52AE000B5B6D /* SceneDelegate.swift in Sources */ = {isa = PBXBuildFile; fileRef = BCD099092C1D52AE000B5B6D /* SceneDelegate.swift */; };
		BCD0990C2C1D52AE000B5B6D /* HomeViewController.swift in Sources */ = {isa = PBXBuildFile; fileRef = BCD0990B2C1D52AE000B5B6D /* HomeViewController.swift */; };
		BCD0990F2C1D52AE000B5B6D /* Base in Resources */ = {isa = PBXBuildFile; fileRef = BCD0990E2C1D52AE000B5B6D /* Base */; };
		BCD099112C1D52AF000B5B6D /* Assets.xcassets in Resources */ = {isa = PBXBuildFile; fileRef = BCD099102C1D52AF000B5B6D /* Assets.xcassets */; };
		BCD099142C1D52AF000B5B6D /* Base in Resources */ = {isa = PBXBuildFile; fileRef = BCD099132C1D52AF000B5B6D /* Base */; };
		BCD099212C1D5B58000B5B6D /* NetworkUtility.swift in Sources */ = {isa = PBXBuildFile; fileRef = BCD099202C1D5B58000B5B6D /* NetworkUtility.swift */; };
		BCD099232C1D5D11000B5B6D /* APIClient.swift in Sources */ = {isa = PBXBuildFile; fileRef = BCD099222C1D5D11000B5B6D /* APIClient.swift */; };
		BCD099252C1D5D75000B5B6D /* NetworkService.swift in Sources */ = {isa = PBXBuildFile; fileRef = BCD099242C1D5D75000B5B6D /* NetworkService.swift */; };
		BCD099282C1D5D9D000B5B6D /* Models.swift in Sources */ = {isa = PBXBuildFile; fileRef = BCD099272C1D5D9D000B5B6D /* Models.swift */; };
		BCD0992C2C1D5DDF000B5B6D /* InspectionViewModel.swift in Sources */ = {isa = PBXBuildFile; fileRef = BCD0992B2C1D5DDF000B5B6D /* InspectionViewModel.swift */; };
		BCD0992F2C1D6623000B5B6D /* LoginViewController.swift in Sources */ = {isa = PBXBuildFile; fileRef = BCD0992D2C1D6623000B5B6D /* LoginViewController.swift */; };
		BCD099302C1D6623000B5B6D /* LoginViewController.xib in Resources */ = {isa = PBXBuildFile; fileRef = BCD0992E2C1D6623000B5B6D /* LoginViewController.xib */; };
		BCD099332C1D6D3A000B5B6D /* Utility.swift in Sources */ = {isa = PBXBuildFile; fileRef = BCD099322C1D6D3A000B5B6D /* Utility.swift */; };
		BCD099352C1D6E7D000B5B6D /* Constant.swift in Sources */ = {isa = PBXBuildFile; fileRef = BCD099342C1D6E7D000B5B6D /* Constant.swift */; };
		BCD099372C1D6F4D000B5B6D /* RegisterViewModel.swift in Sources */ = {isa = PBXBuildFile; fileRef = BCD099362C1D6F4D000B5B6D /* RegisterViewModel.swift */; };
		BCD0993B2C1EEED5000B5B6D /* InspectionViewController.swift in Sources */ = {isa = PBXBuildFile; fileRef = BCD099392C1EEED5000B5B6D /* InspectionViewController.swift */; };
		BCD0993C2C1EEED5000B5B6D /* InspectionViewController.xib in Resources */ = {isa = PBXBuildFile; fileRef = BCD0993A2C1EEED5000B5B6D /* InspectionViewController.xib */; };
		BCD099402C1EFBCA000B5B6D /* QuestionAnswerCell.swift in Sources */ = {isa = PBXBuildFile; fileRef = BCD0993E2C1EFBCA000B5B6D /* QuestionAnswerCell.swift */; };
/* End PBXBuildFile section */

/* Begin PBXContainerItemProxy section */
		042B63252C2912BF00B3B190 /* PBXContainerItemProxy */ = {
			isa = PBXContainerItemProxy;
			containerPortal = BCD098FC2C1D52AD000B5B6D /* Project object */;
			proxyType = 1;
			remoteGlobalIDString = BCD099032C1D52AE000B5B6D;
			remoteInfo = Tendable;
		};
/* End PBXContainerItemProxy section */

/* Begin PBXFileReference section */
		042B63212C2912BF00B3B190 /* TendableTests.xctest */ = {isa = PBXFileReference; explicitFileType = wrapper.cfbundle; includeInIndex = 0; path = TendableTests.xctest; sourceTree = BUILT_PRODUCTS_DIR; };
		042B632A2C29130300B3B190 /* TendableTests-Bridging-Header.h */ = {isa = PBXFileReference; lastKnownFileType = sourcecode.c.h; path = "TendableTests-Bridging-Header.h"; sourceTree = "<group>"; };
		042B632B2C29130400B3B190 /* LoginViewControllerTests.swift */ = {isa = PBXFileReference; fileEncoding = 4; lastKnownFileType = sourcecode.swift; path = LoginViewControllerTests.swift; sourceTree = "<group>"; };
		042B632C2C29130400B3B190 /* InspectionViewControllerTests.swift */ = {isa = PBXFileReference; fileEncoding = 4; lastKnownFileType = sourcecode.swift; path = InspectionViewControllerTests.swift; sourceTree = "<group>"; };
		BCD099042C1D52AE000B5B6D /* Tendable.app */ = {isa = PBXFileReference; explicitFileType = wrapper.application; includeInIndex = 0; path = Tendable.app; sourceTree = BUILT_PRODUCTS_DIR; };
		BCD099072C1D52AE000B5B6D /* AppDelegate.swift */ = {isa = PBXFileReference; lastKnownFileType = sourcecode.swift; path = AppDelegate.swift; sourceTree = "<group>"; };
		BCD099092C1D52AE000B5B6D /* SceneDelegate.swift */ = {isa = PBXFileReference; lastKnownFileType = sourcecode.swift; path = SceneDelegate.swift; sourceTree = "<group>"; };
		BCD0990B2C1D52AE000B5B6D /* HomeViewController.swift */ = {isa = PBXFileReference; lastKnownFileType = sourcecode.swift; path = HomeViewController.swift; sourceTree = "<group>"; };
		BCD0990E2C1D52AE000B5B6D /* Base */ = {isa = PBXFileReference; lastKnownFileType = file.storyboard; name = Base; path = Base.lproj/Main.storyboard; sourceTree = "<group>"; };
		BCD099102C1D52AF000B5B6D /* Assets.xcassets */ = {isa = PBXFileReference; lastKnownFileType = folder.assetcatalog; path = Assets.xcassets; sourceTree = "<group>"; };
		BCD099132C1D52AF000B5B6D /* Base */ = {isa = PBXFileReference; lastKnownFileType = file.storyboard; name = Base; path = Base.lproj/LaunchScreen.storyboard; sourceTree = "<group>"; };
		BCD099152C1D52AF000B5B6D /* Info.plist */ = {isa = PBXFileReference; lastKnownFileType = text.plist.xml; path = Info.plist; sourceTree = "<group>"; };
		BCD099202C1D5B58000B5B6D /* NetworkUtility.swift */ = {isa = PBXFileReference; lastKnownFileType = sourcecode.swift; path = NetworkUtility.swift; sourceTree = "<group>"; };
		BCD099222C1D5D11000B5B6D /* APIClient.swift */ = {isa = PBXFileReference; lastKnownFileType = sourcecode.swift; path = APIClient.swift; sourceTree = "<group>"; };
		BCD099242C1D5D75000B5B6D /* NetworkService.swift */ = {isa = PBXFileReference; lastKnownFileType = sourcecode.swift; path = NetworkService.swift; sourceTree = "<group>"; };
		BCD099272C1D5D9D000B5B6D /* Models.swift */ = {isa = PBXFileReference; lastKnownFileType = sourcecode.swift; path = Models.swift; sourceTree = "<group>"; };
		BCD0992B2C1D5DDF000B5B6D /* InspectionViewModel.swift */ = {isa = PBXFileReference; lastKnownFileType = sourcecode.swift; path = InspectionViewModel.swift; sourceTree = "<group>"; };
		BCD0992D2C1D6623000B5B6D /* LoginViewController.swift */ = {isa = PBXFileReference; lastKnownFileType = sourcecode.swift; path = LoginViewController.swift; sourceTree = "<group>"; };
		BCD0992E2C1D6623000B5B6D /* LoginViewController.xib */ = {isa = PBXFileReference; lastKnownFileType = file.xib; path = LoginViewController.xib; sourceTree = "<group>"; };
		BCD099322C1D6D3A000B5B6D /* Utility.swift */ = {isa = PBXFileReference; lastKnownFileType = sourcecode.swift; path = Utility.swift; sourceTree = "<group>"; };
		BCD099342C1D6E7D000B5B6D /* Constant.swift */ = {isa = PBXFileReference; lastKnownFileType = sourcecode.swift; path = Constant.swift; sourceTree = "<group>"; };
		BCD099362C1D6F4D000B5B6D /* RegisterViewModel.swift */ = {isa = PBXFileReference; lastKnownFileType = sourcecode.swift; path = RegisterViewModel.swift; sourceTree = "<group>"; };
		BCD099392C1EEED5000B5B6D /* InspectionViewController.swift */ = {isa = PBXFileReference; lastKnownFileType = sourcecode.swift; path = InspectionViewController.swift; sourceTree = "<group>"; };
		BCD0993A2C1EEED5000B5B6D /* InspectionViewController.xib */ = {isa = PBXFileReference; lastKnownFileType = file.xib; path = InspectionViewController.xib; sourceTree = "<group>"; };
		BCD0993E2C1EFBCA000B5B6D /* QuestionAnswerCell.swift */ = {isa = PBXFileReference; lastKnownFileType = sourcecode.swift; path = QuestionAnswerCell.swift; sourceTree = "<group>"; };
/* End PBXFileReference section */

/* Begin PBXFrameworksBuildPhase section */
		042B631E2C2912BE00B3B190 /* Frameworks */ = {
			isa = PBXFrameworksBuildPhase;
			buildActionMask = 2147483647;
			files = (
			);
			runOnlyForDeploymentPostprocessing = 0;
		};
		BCD099012C1D52AE000B5B6D /* Frameworks */ = {
			isa = PBXFrameworksBuildPhase;
			buildActionMask = 2147483647;
			files = (
			);
			runOnlyForDeploymentPostprocessing = 0;
		};
/* End PBXFrameworksBuildPhase section */

/* Begin PBXGroup section */
		042B63222C2912BF00B3B190 /* TendableTests */ = {
			isa = PBXGroup;
			children = (
				042B632C2C29130400B3B190 /* InspectionViewControllerTests.swift */,
				042B632B2C29130400B3B190 /* LoginViewControllerTests.swift */,
				042B632A2C29130300B3B190 /* TendableTests-Bridging-Header.h */,
			);
			path = TendableTests;
			sourceTree = "<group>";
		};
		BCD098FB2C1D52AD000B5B6D = {
			isa = PBXGroup;
			children = (
				BCD099062C1D52AE000B5B6D /* Tendable */,
				042B63222C2912BF00B3B190 /* TendableTests */,
				BCD099052C1D52AE000B5B6D /* Products */,
			);
			sourceTree = "<group>";
		};
		BCD099052C1D52AE000B5B6D /* Products */ = {
			isa = PBXGroup;
			children = (
				BCD099042C1D52AE000B5B6D /* Tendable.app */,
				042B63212C2912BF00B3B190 /* TendableTests.xctest */,
			);
			name = Products;
			sourceTree = "<group>";
		};
		BCD099062C1D52AE000B5B6D /* Tendable */ = {
			isa = PBXGroup;
			children = (
				BCD099072C1D52AE000B5B6D /* AppDelegate.swift */,
				BCD099092C1D52AE000B5B6D /* SceneDelegate.swift */,
				BCD0993D2C1EF0FC000B5B6D /* Home */,
				BCD099312C1D662C000B5B6D /* Login */,
				BCD099382C1EEEBD000B5B6D /* Inspection */,
				BCD099262C1D5D8D000B5B6D /* Model */,
				BCD0992A2C1D5DCE000B5B6D /* ViewModels */,
				BCD0991F2C1D5B26000B5B6D /* Network */,
				BCD099322C1D6D3A000B5B6D /* Utility.swift */,
				BCD099342C1D6E7D000B5B6D /* Constant.swift */,
				BCD0990D2C1D52AE000B5B6D /* Main.storyboard */,
				BCD099102C1D52AF000B5B6D /* Assets.xcassets */,
				BCD099122C1D52AF000B5B6D /* LaunchScreen.storyboard */,
				BCD099152C1D52AF000B5B6D /* Info.plist */,
			);
			path = Tendable;
			sourceTree = "<group>";
		};
		BCD0991F2C1D5B26000B5B6D /* Network */ = {
			isa = PBXGroup;
			children = (
				BCD099202C1D5B58000B5B6D /* NetworkUtility.swift */,
				BCD099222C1D5D11000B5B6D /* APIClient.swift */,
				BCD099242C1D5D75000B5B6D /* NetworkService.swift */,
			);
			path = Network;
			sourceTree = "<group>";
		};
		BCD099262C1D5D8D000B5B6D /* Model */ = {
			isa = PBXGroup;
			children = (
				BCD099272C1D5D9D000B5B6D /* Models.swift */,
			);
			path = Model;
			sourceTree = "<group>";
		};
		BCD0992A2C1D5DCE000B5B6D /* ViewModels */ = {
			isa = PBXGroup;
			children = (
				BCD0992B2C1D5DDF000B5B6D /* InspectionViewModel.swift */,
				BCD099362C1D6F4D000B5B6D /* RegisterViewModel.swift */,
			);
			path = ViewModels;
			sourceTree = "<group>";
		};
		BCD099312C1D662C000B5B6D /* Login */ = {
			isa = PBXGroup;
			children = (
				BCD0992D2C1D6623000B5B6D /* LoginViewController.swift */,
				BCD0992E2C1D6623000B5B6D /* LoginViewController.xib */,
			);
			path = Login;
			sourceTree = "<group>";
		};
		BCD099382C1EEEBD000B5B6D /* Inspection */ = {
			isa = PBXGroup;
			children = (
				BCD099392C1EEED5000B5B6D /* InspectionViewController.swift */,
				BCD0993A2C1EEED5000B5B6D /* InspectionViewController.xib */,
				BCD0993E2C1EFBCA000B5B6D /* QuestionAnswerCell.swift */,
			);
			path = Inspection;
			sourceTree = "<group>";
		};
		BCD0993D2C1EF0FC000B5B6D /* Home */ = {
			isa = PBXGroup;
			children = (
				BCD0990B2C1D52AE000B5B6D /* HomeViewController.swift */,
			);
			path = Home;
			sourceTree = "<group>";
		};
/* End PBXGroup section */

/* Begin PBXNativeTarget section */
		042B63202C2912BE00B3B190 /* TendableTests */ = {
			isa = PBXNativeTarget;
			buildConfigurationList = 042B63292C2912BF00B3B190 /* Build configuration list for PBXNativeTarget "TendableTests" */;
			buildPhases = (
				042B631D2C2912BE00B3B190 /* Sources */,
				042B631E2C2912BE00B3B190 /* Frameworks */,
				042B631F2C2912BE00B3B190 /* Resources */,
			);
			buildRules = (
			);
			dependencies = (
				042B63262C2912BF00B3B190 /* PBXTargetDependency */,
			);
			name = TendableTests;
			productName = TendableTests;
			productReference = 042B63212C2912BF00B3B190 /* TendableTests.xctest */;
			productType = "com.apple.product-type.bundle.unit-test";
		};
		BCD099032C1D52AE000B5B6D /* Tendable */ = {
			isa = PBXNativeTarget;
			buildConfigurationList = BCD099182C1D52AF000B5B6D /* Build configuration list for PBXNativeTarget "Tendable" */;
			buildPhases = (
				BCD099002C1D52AE000B5B6D /* Sources */,
				BCD099012C1D52AE000B5B6D /* Frameworks */,
				BCD099022C1D52AE000B5B6D /* Resources */,
			);
			buildRules = (
			);
			dependencies = (
			);
			name = Tendable;
			productName = Tendable;
			productReference = BCD099042C1D52AE000B5B6D /* Tendable.app */;
			productType = "com.apple.product-type.application";
		};
/* End PBXNativeTarget section */

/* Begin PBXProject section */
		BCD098FC2C1D52AD000B5B6D /* Project object */ = {
			isa = PBXProject;
			attributes = {
				BuildIndependentTargetsInParallel = 1;
				LastSwiftUpdateCheck = 1400;
				LastUpgradeCheck = 1540;
				TargetAttributes = {
					042B63202C2912BE00B3B190 = {
						CreatedOnToolsVersion = 14.0;
						LastSwiftMigration = 1400;
						TestTargetID = BCD099032C1D52AE000B5B6D;
					};
					BCD099032C1D52AE000B5B6D = {
						CreatedOnToolsVersion = 15.4;
					};
				};
			};
			buildConfigurationList = BCD098FF2C1D52AD000B5B6D /* Build configuration list for PBXProject "Tendable" */;
			compatibilityVersion = "Xcode 14.0";
			developmentRegion = en;
			hasScannedForEncodings = 0;
			knownRegions = (
				en,
				Base,
			);
			mainGroup = BCD098FB2C1D52AD000B5B6D;
			productRefGroup = BCD099052C1D52AE000B5B6D /* Products */;
			projectDirPath = "";
			projectRoot = "";
			targets = (
				BCD099032C1D52AE000B5B6D /* Tendable */,
				042B63202C2912BE00B3B190 /* TendableTests */,
			);
		};
/* End PBXProject section */

/* Begin PBXResourcesBuildPhase section */
		042B631F2C2912BE00B3B190 /* Resources */ = {
			isa = PBXResourcesBuildPhase;
			buildActionMask = 2147483647;
			files = (
			);
			runOnlyForDeploymentPostprocessing = 0;
		};
		BCD099022C1D52AE000B5B6D /* Resources */ = {
			isa = PBXResourcesBuildPhase;
			buildActionMask = 2147483647;
			files = (
				BCD0993C2C1EEED5000B5B6D /* InspectionViewController.xib in Resources */,
				BCD099302C1D6623000B5B6D /* LoginViewController.xib in Resources */,
				BCD099112C1D52AF000B5B6D /* Assets.xcassets in Resources */,
				BCD099142C1D52AF000B5B6D /* Base in Resources */,
				BCD0990F2C1D52AE000B5B6D /* Base in Resources */,
			);
			runOnlyForDeploymentPostprocessing = 0;
		};
/* End PBXResourcesBuildPhase section */

/* Begin PBXSourcesBuildPhase section */
		042B631D2C2912BE00B3B190 /* Sources */ = {
			isa = PBXSourcesBuildPhase;
			buildActionMask = 2147483647;
			files = (
				042B632E2C29130400B3B190 /* InspectionViewControllerTests.swift in Sources */,
				042B632D2C29130400B3B190 /* LoginViewControllerTests.swift in Sources */,
			);
			runOnlyForDeploymentPostprocessing = 0;
		};
		BCD099002C1D52AE000B5B6D /* Sources */ = {
			isa = PBXSourcesBuildPhase;
			buildActionMask = 2147483647;
			files = (
				BCD099332C1D6D3A000B5B6D /* Utility.swift in Sources */,
				BCD099402C1EFBCA000B5B6D /* QuestionAnswerCell.swift in Sources */,
				BCD0992F2C1D6623000B5B6D /* LoginViewController.swift in Sources */,
				BCD099232C1D5D11000B5B6D /* APIClient.swift in Sources */,
				BCD099212C1D5B58000B5B6D /* NetworkUtility.swift in Sources */,
				BCD0992C2C1D5DDF000B5B6D /* InspectionViewModel.swift in Sources */,
				BCD099252C1D5D75000B5B6D /* NetworkService.swift in Sources */,
				BCD099282C1D5D9D000B5B6D /* Models.swift in Sources */,
				BCD099372C1D6F4D000B5B6D /* RegisterViewModel.swift in Sources */,
				BCD0990C2C1D52AE000B5B6D /* HomeViewController.swift in Sources */,
				BCD099352C1D6E7D000B5B6D /* Constant.swift in Sources */,
				BCD0993B2C1EEED5000B5B6D /* InspectionViewController.swift in Sources */,
				BCD099082C1D52AE000B5B6D /* AppDelegate.swift in Sources */,
				BCD0990A2C1D52AE000B5B6D /* SceneDelegate.swift in Sources */,
			);
			runOnlyForDeploymentPostprocessing = 0;
		};
/* End PBXSourcesBuildPhase section */

/* Begin PBXTargetDependency section */
		042B63262C2912BF00B3B190 /* PBXTargetDependency */ = {
			isa = PBXTargetDependency;
			target = BCD099032C1D52AE000B5B6D /* Tendable */;
			targetProxy = 042B63252C2912BF00B3B190 /* PBXContainerItemProxy */;
		};
/* End PBXTargetDependency section */

/* Begin PBXVariantGroup section */
		BCD0990D2C1D52AE000B5B6D /* Main.storyboard */ = {
			isa = PBXVariantGroup;
			children = (
				BCD0990E2C1D52AE000B5B6D /* Base */,
			);
			name = Main.storyboard;
			sourceTree = "<group>";
		};
		BCD099122C1D52AF000B5B6D /* LaunchScreen.storyboard */ = {
			isa = PBXVariantGroup;
			children = (
				BCD099132C1D52AF000B5B6D /* Base */,
			);
			name = LaunchScreen.storyboard;
			sourceTree = "<group>";
		};
/* End PBXVariantGroup section */

/* Begin XCBuildConfiguration section */
		042B63272C2912BF00B3B190 /* Debug */ = {
			isa = XCBuildConfiguration;
			buildSettings = {
				BUNDLE_LOADER = "$(TEST_HOST)";
				CLANG_ENABLE_MODULES = YES;
				CODE_SIGN_STYLE = Automatic;
				CURRENT_PROJECT_VERSION = 1;
				GCC_C_LANGUAGE_STANDARD = gnu11;
				GENERATE_INFOPLIST_FILE = YES;
				IPHONEOS_DEPLOYMENT_TARGET = 16.0;
				LD_RUNPATH_SEARCH_PATHS = (
					"$(inherited)",
					"@executable_path/Frameworks",
					"@loader_path/Frameworks",
				);
				MARKETING_VERSION = 1.0;
				PRODUCT_BUNDLE_IDENTIFIER = Mandar.TendableTests;
				PRODUCT_NAME = "$(TARGET_NAME)";
				SWIFT_ACTIVE_COMPILATION_CONDITIONS = DEBUG;
				SWIFT_EMIT_LOC_STRINGS = NO;
				SWIFT_OBJC_BRIDGING_HEADER = "TendableTests/TendableTests-Bridging-Header.h";
				SWIFT_OPTIMIZATION_LEVEL = "-Onone";
				SWIFT_VERSION = 5.0;
				TARGETED_DEVICE_FAMILY = "1,2";
				TEST_HOST = "$(BUILT_PRODUCTS_DIR)/Tendable.app/$(BUNDLE_EXECUTABLE_FOLDER_PATH)/Tendable";
			};
			name = Debug;
		};
		042B63282C2912BF00B3B190 /* Release */ = {
			isa = XCBuildConfiguration;
			buildSettings = {
				BUNDLE_LOADER = "$(TEST_HOST)";
				CLANG_ENABLE_MODULES = YES;
				CODE_SIGN_STYLE = Automatic;
				CURRENT_PROJECT_VERSION = 1;
				GCC_C_LANGUAGE_STANDARD = gnu11;
				GENERATE_INFOPLIST_FILE = YES;
				IPHONEOS_DEPLOYMENT_TARGET = 16.0;
				LD_RUNPATH_SEARCH_PATHS = (
					"$(inherited)",
					"@executable_path/Frameworks",
					"@loader_path/Frameworks",
				);
				MARKETING_VERSION = 1.0;
				PRODUCT_BUNDLE_IDENTIFIER = Mandar.TendableTests;
				PRODUCT_NAME = "$(TARGET_NAME)";
				SWIFT_EMIT_LOC_STRINGS = NO;
				SWIFT_OBJC_BRIDGING_HEADER = "TendableTests/TendableTests-Bridging-Header.h";
				SWIFT_OPTIMIZATION_LEVEL = "-O";
				SWIFT_VERSION = 5.0;
				TARGETED_DEVICE_FAMILY = "1,2";
				TEST_HOST = "$(BUILT_PRODUCTS_DIR)/Tendable.app/$(BUNDLE_EXECUTABLE_FOLDER_PATH)/Tendable";
			};
			name = Release;
		};
		BCD099162C1D52AF000B5B6D /* Debug */ = {
			isa = XCBuildConfiguration;
			buildSettings = {
				ALWAYS_SEARCH_USER_PATHS = NO;
				ASSETCATALOG_COMPILER_GENERATE_SWIFT_ASSET_SYMBOL_EXTENSIONS = YES;
				CLANG_ANALYZER_NONNULL = YES;
				CLANG_ANALYZER_NUMBER_OBJECT_CONVERSION = YES_AGGRESSIVE;
				CLANG_CXX_LANGUAGE_STANDARD = "gnu++20";
				CLANG_ENABLE_MODULES = YES;
				CLANG_ENABLE_OBJC_ARC = YES;
				CLANG_ENABLE_OBJC_WEAK = YES;
				CLANG_WARN_BLOCK_CAPTURE_AUTORELEASING = YES;
				CLANG_WARN_BOOL_CONVERSION = YES;
				CLANG_WARN_COMMA = YES;
				CLANG_WARN_CONSTANT_CONVERSION = YES;
				CLANG_WARN_DEPRECATED_OBJC_IMPLEMENTATIONS = YES;
				CLANG_WARN_DIRECT_OBJC_ISA_USAGE = YES_ERROR;
				CLANG_WARN_DOCUMENTATION_COMMENTS = YES;
				CLANG_WARN_EMPTY_BODY = YES;
				CLANG_WARN_ENUM_CONVERSION = YES;
				CLANG_WARN_INFINITE_RECURSION = YES;
				CLANG_WARN_INT_CONVERSION = YES;
				CLANG_WARN_NON_LITERAL_NULL_CONVERSION = YES;
				CLANG_WARN_OBJC_IMPLICIT_RETAIN_SELF = YES;
				CLANG_WARN_OBJC_LITERAL_CONVERSION = YES;
				CLANG_WARN_OBJC_ROOT_CLASS = YES_ERROR;
				CLANG_WARN_QUOTED_INCLUDE_IN_FRAMEWORK_HEADER = YES;
				CLANG_WARN_RANGE_LOOP_ANALYSIS = YES;
				CLANG_WARN_STRICT_PROTOTYPES = YES;
				CLANG_WARN_SUSPICIOUS_MOVE = YES;
				CLANG_WARN_UNGUARDED_AVAILABILITY = YES_AGGRESSIVE;
				CLANG_WARN_UNREACHABLE_CODE = YES;
				CLANG_WARN__DUPLICATE_METHOD_MATCH = YES;
				COPY_PHASE_STRIP = NO;
				DEBUG_INFORMATION_FORMAT = dwarf;
				ENABLE_STRICT_OBJC_MSGSEND = YES;
				ENABLE_TESTABILITY = YES;
				ENABLE_USER_SCRIPT_SANDBOXING = YES;
				GCC_C_LANGUAGE_STANDARD = gnu17;
				GCC_DYNAMIC_NO_PIC = NO;
				GCC_NO_COMMON_BLOCKS = YES;
				GCC_OPTIMIZATION_LEVEL = 0;
				GCC_PREPROCESSOR_DEFINITIONS = (
					"DEBUG=1",
					"$(inherited)",
				);
				GCC_WARN_64_TO_32_BIT_CONVERSION = YES;
				GCC_WARN_ABOUT_RETURN_TYPE = YES_ERROR;
				GCC_WARN_UNDECLARED_SELECTOR = YES;
				GCC_WARN_UNINITIALIZED_AUTOS = YES_AGGRESSIVE;
				GCC_WARN_UNUSED_FUNCTION = YES;
				GCC_WARN_UNUSED_VARIABLE = YES;
				IPHONEOS_DEPLOYMENT_TARGET = 17.5;
				LOCALIZATION_PREFERS_STRING_CATALOGS = YES;
				MTL_ENABLE_DEBUG_INFO = INCLUDE_SOURCE;
				MTL_FAST_MATH = YES;
				ONLY_ACTIVE_ARCH = YES;
				SDKROOT = iphoneos;
				SWIFT_ACTIVE_COMPILATION_CONDITIONS = "DEBUG $(inherited)";
				SWIFT_OPTIMIZATION_LEVEL = "-Onone";
			};
			name = Debug;
		};
		BCD099172C1D52AF000B5B6D /* Release */ = {
			isa = XCBuildConfiguration;
			buildSettings = {
				ALWAYS_SEARCH_USER_PATHS = NO;
				ASSETCATALOG_COMPILER_GENERATE_SWIFT_ASSET_SYMBOL_EXTENSIONS = YES;
				CLANG_ANALYZER_NONNULL = YES;
				CLANG_ANALYZER_NUMBER_OBJECT_CONVERSION = YES_AGGRESSIVE;
				CLANG_CXX_LANGUAGE_STANDARD = "gnu++20";
				CLANG_ENABLE_MODULES = YES;
				CLANG_ENABLE_OBJC_ARC = YES;
				CLANG_ENABLE_OBJC_WEAK = YES;
				CLANG_WARN_BLOCK_CAPTURE_AUTORELEASING = YES;
				CLANG_WARN_BOOL_CONVERSION = YES;
				CLANG_WARN_COMMA = YES;
				CLANG_WARN_CONSTANT_CONVERSION = YES;
				CLANG_WARN_DEPRECATED_OBJC_IMPLEMENTATIONS = YES;
				CLANG_WARN_DIRECT_OBJC_ISA_USAGE = YES_ERROR;
				CLANG_WARN_DOCUMENTATION_COMMENTS = YES;
				CLANG_WARN_EMPTY_BODY = YES;
				CLANG_WARN_ENUM_CONVERSION = YES;
				CLANG_WARN_INFINITE_RECURSION = YES;
				CLANG_WARN_INT_CONVERSION = YES;
				CLANG_WARN_NON_LITERAL_NULL_CONVERSION = YES;
				CLANG_WARN_OBJC_IMPLICIT_RETAIN_SELF = YES;
				CLANG_WARN_OBJC_LITERAL_CONVERSION = YES;
				CLANG_WARN_OBJC_ROOT_CLASS = YES_ERROR;
				CLANG_WARN_QUOTED_INCLUDE_IN_FRAMEWORK_HEADER = YES;
				CLANG_WARN_RANGE_LOOP_ANALYSIS = YES;
				CLANG_WARN_STRICT_PROTOTYPES = YES;
				CLANG_WARN_SUSPICIOUS_MOVE = YES;
				CLANG_WARN_UNGUARDED_AVAILABILITY = YES_AGGRESSIVE;
				CLANG_WARN_UNREACHABLE_CODE = YES;
				CLANG_WARN__DUPLICATE_METHOD_MATCH = YES;
				COPY_PHASE_STRIP = NO;
				DEBUG_INFORMATION_FORMAT = "dwarf-with-dsym";
				ENABLE_NS_ASSERTIONS = NO;
				ENABLE_STRICT_OBJC_MSGSEND = YES;
				ENABLE_USER_SCRIPT_SANDBOXING = YES;
				GCC_C_LANGUAGE_STANDARD = gnu17;
				GCC_NO_COMMON_BLOCKS = YES;
				GCC_WARN_64_TO_32_BIT_CONVERSION = YES;
				GCC_WARN_ABOUT_RETURN_TYPE = YES_ERROR;
				GCC_WARN_UNDECLARED_SELECTOR = YES;
				GCC_WARN_UNINITIALIZED_AUTOS = YES_AGGRESSIVE;
				GCC_WARN_UNUSED_FUNCTION = YES;
				GCC_WARN_UNUSED_VARIABLE = YES;
				IPHONEOS_DEPLOYMENT_TARGET = 17.5;
				LOCALIZATION_PREFERS_STRING_CATALOGS = YES;
				MTL_ENABLE_DEBUG_INFO = NO;
				MTL_FAST_MATH = YES;
				SDKROOT = iphoneos;
				SWIFT_COMPILATION_MODE = wholemodule;
				VALIDATE_PRODUCT = YES;
			};
			name = Release;
		};
		BCD099192C1D52AF000B5B6D /* Debug */ = {
			isa = XCBuildConfiguration;
			buildSettings = {
				ASSETCATALOG_COMPILER_APPICON_NAME = AppIcon;
				ASSETCATALOG_COMPILER_GLOBAL_ACCENT_COLOR_NAME = AccentColor;
				CODE_SIGN_STYLE = Automatic;
				CURRENT_PROJECT_VERSION = 1;
				DEVELOPMENT_TEAM = 8V759HGA6B;
				GENERATE_INFOPLIST_FILE = YES;
				INFOPLIST_FILE = Tendable/Info.plist;
				INFOPLIST_KEY_UIApplicationSupportsIndirectInputEvents = YES;
				INFOPLIST_KEY_UILaunchStoryboardName = LaunchScreen;
				INFOPLIST_KEY_UIMainStoryboardFile = Main;
				INFOPLIST_KEY_UISupportedInterfaceOrientations_iPad = "UIInterfaceOrientationPortrait UIInterfaceOrientationPortraitUpsideDown UIInterfaceOrientationLandscapeLeft UIInterfaceOrientationLandscapeRight";
				INFOPLIST_KEY_UISupportedInterfaceOrientations_iPhone = "UIInterfaceOrientationPortrait UIInterfaceOrientationLandscapeLeft UIInterfaceOrientationLandscapeRight";
				IPHONEOS_DEPLOYMENT_TARGET = 14.0;
				LD_RUNPATH_SEARCH_PATHS = (
					"$(inherited)",
					"@executable_path/Frameworks",
				);
				MARKETING_VERSION = 1.0;
				PRODUCT_BUNDLE_IDENTIFIER = com.test.example.Tendable;
				PRODUCT_NAME = "$(TARGET_NAME)";
				SWIFT_EMIT_LOC_STRINGS = YES;
				SWIFT_VERSION = 5.0;
				TARGETED_DEVICE_FAMILY = "1,2";
			};
			name = Debug;
		};
		BCD0991A2C1D52AF000B5B6D /* Release */ = {
			isa = XCBuildConfiguration;
			buildSettings = {
				ASSETCATALOG_COMPILER_APPICON_NAME = AppIcon;
				ASSETCATALOG_COMPILER_GLOBAL_ACCENT_COLOR_NAME = AccentColor;
				CODE_SIGN_STYLE = Automatic;
				CURRENT_PROJECT_VERSION = 1;
				DEVELOPMENT_TEAM = 8V759HGA6B;
				GENERATE_INFOPLIST_FILE = YES;
				INFOPLIST_FILE = Tendable/Info.plist;
				INFOPLIST_KEY_UIApplicationSupportsIndirectInputEvents = YES;
				INFOPLIST_KEY_UILaunchStoryboardName = LaunchScreen;
				INFOPLIST_KEY_UIMainStoryboardFile = Main;
				INFOPLIST_KEY_UISupportedInterfaceOrientations_iPad = "UIInterfaceOrientationPortrait UIInterfaceOrientationPortraitUpsideDown UIInterfaceOrientationLandscapeLeft UIInterfaceOrientationLandscapeRight";
				INFOPLIST_KEY_UISupportedInterfaceOrientations_iPhone = "UIInterfaceOrientationPortrait UIInterfaceOrientationLandscapeLeft UIInterfaceOrientationLandscapeRight";
				IPHONEOS_DEPLOYMENT_TARGET = 14.0;
				LD_RUNPATH_SEARCH_PATHS = (
					"$(inherited)",
					"@executable_path/Frameworks",
				);
				MARKETING_VERSION = 1.0;
				PRODUCT_BUNDLE_IDENTIFIER = com.test.example.Tendable;
				PRODUCT_NAME = "$(TARGET_NAME)";
				SWIFT_EMIT_LOC_STRINGS = YES;
				SWIFT_VERSION = 5.0;
				TARGETED_DEVICE_FAMILY = "1,2";
			};
			name = Release;
		};
/* End XCBuildConfiguration section */

/* Begin XCConfigurationList section */
		042B63292C2912BF00B3B190 /* Build configuration list for PBXNativeTarget "TendableTests" */ = {
			isa = XCConfigurationList;
			buildConfigurations = (
				042B63272C2912BF00B3B190 /* Debug */,
				042B63282C2912BF00B3B190 /* Release */,
			);
			defaultConfigurationIsVisible = 0;
			defaultConfigurationName = Release;
		};
		BCD098FF2C1D52AD000B5B6D /* Build configuration list for PBXProject "Tendable" */ = {
			isa = XCConfigurationList;
			buildConfigurations = (
				BCD099162C1D52AF000B5B6D /* Debug */,
				BCD099172C1D52AF000B5B6D /* Release */,
			);
			defaultConfigurationIsVisible = 0;
			defaultConfigurationName = Release;
		};
		BCD099182C1D52AF000B5B6D /* Build configuration list for PBXNativeTarget "Tendable" */ = {
			isa = XCConfigurationList;
			buildConfigurations = (
				BCD099192C1D52AF000B5B6D /* Debug */,
				BCD0991A2C1D52AF000B5B6D /* Release */,
			);
			defaultConfigurationIsVisible = 0;
			defaultConfigurationName = Release;
		};
/* End XCConfigurationList section */
	};
	rootObject = BCD098FC2C1D52AD000B5B6D /* Project object */;
}
